{
  "requires": true,
  "lockfileVersion": 1,
  "dependencies": {
    "@citizenfx/client": {
      "version": "2.0.5256-1",
      "resolved": "https://registry.npmjs.org/@citizenfx/client/-/client-2.0.5256-1.tgz",
      "integrity": "sha512-CJgFaVMzhIZfejeH1RvquwjjKg3Lq5Bt2Om5GiJIgJwREP/yO8pHGTb5vc19Yy920dILaLpshJjDv9Eyw1vPMA=="
    },
    "@citizenfx/server": {
      "version": "2.0.5256-1",
      "resolved": "https://registry.npmjs.org/@citizenfx/server/-/server-2.0.5256-1.tgz",
      "integrity": "sha512-hymxReNHhdXuzaD6Tz761PizymZi0n73M0+PK6hLfT+ArEtyJFmspZCZwyZfCNkdLOEm3L5Pd3nUqe1Gyv8jDw=="
    }
  }
}
